github.com/BurntSushi/toml v0.3.1/go.mod h1:xHWCNGjB5oqiDr8zfno3MHue2Ht5sIBksp03qcyfWMU=
github.com/NebulousLabs/demotemutex v0.0.0-20181203154226-7a9e348a768e h1:HbruUmZ5OMU5IoIc9gtaKs68zLx7o8RZpU21u6YiOSU=
github.com/NebulousLabs/demotemutex v0.0.0-20181203154226-7a9e348a768e/go.mod h1:sfEFUBsI3SeRPO8JARnGGY9/xA9iolDGIRVvqT0Qq60=
github.com/NebulousLabs/entropy-mnemonics v0.0.0-20181203154559-bc7e13c5ccd8 h1:wPFCU8DwC4k5C2LfJc/rVp4cmTqzF3vyydxRR3b3HhQ=
github.com/NebulousLabs/entropy-mnemonics v0.0.0-20181203154559-bc7e13c5ccd8/go.mod h1:ed2ZsnmJfqVNZOwxWWFZaSHJY3ifOjCS7i5yX9dvKHs=
github.com/NebulousLabs/errors v0.0.0-20181203160057-9f787ce8f69e h1:9UwdEr0AFI021vXG+hXDGH9ZHGuNtPCdJkRTqcIhJ3A=
github.com/NebulousLabs/errors v0.0.0-20181203160057-9f787ce8f69e/go.mod h1:J7tUI9Fg4YuFLsqeLE5uIp93Fot9oBCw2vwZJvLmWso=
github.com/NebulousLabs/fastrand v0.0.0-20181203155948-6fb6489aac4e h1:n+DcnTNkQnHlwpsrHoQtkrJIO7CBx029fw6oR4vIob4=
github.com/NebulousLabs/fastrand v0.0.0-20181203155948-6fb6489aac4e/go.mod h1:Bdzq+51GR4/0DIhaICZEOm+OHvXGwwB2trKZ8B4Y6eQ=
github.com/NebulousLabs/go-upnp v0.0.0-20181203152547-b32978b8ccbf h1:1UP+tqdgLAKwt6NpefYq/SdyFaelU8MXOThESt6Od1U=
github.com/NebulousLabs/go-upnp v0.0.0-20181203152547-b32978b8ccbf/go.mod h1:GbuBk21JqF+driLX3XtJYNZjGa45YDoa9IqCTzNSfEc=
github.com/NebulousLabs/merkletree v0.0.0-20181203152040-08d5d54b07f5 h1:pk9SclNGplPbF6YDIDKMhHh9SaUWcoxPkMr7zdu1hfk=
github.com/NebulousLabs/merkletree v0.0.0-20181203152040-08d5d54b07f5/go.mod h1:Cn056wBLKay+uIS9LJn7ymwhgC5mqbOtG6iOhEvyy4M=
github.com/NebulousLabs/ratelimit v0.0.0-20181203155148-fd440c22f27d h1:bHagpVgtsTNsDL6sz2xl2A6V3xdGP5iAJDcXUaDDxDE=
github.com/NebulousLabs/ratelimit v0.0.0-20181203155148-fd440c22f27d/go.mod h1:TzBW3xvdQYWZ170scsOlKebG3L4JnsqQvoFR7VzjYu8=
github.com/NebulousLabs/threadgroup v0.0.0-20170509023502-d137120f1e28 h1:mQSW9ISUJa3EK+vC++TCeETitLw4z4UpwyJLtS83HiE=
github.com/NebulousLabs/threadgroup v0.0.0-20170509023502-d137120f1e28/go.mod h1:9c5L81tDHBm3+YxqS7HnsDnoYV8VkGgfFWJeREONmuA=
github.com/NebulousLabs/writeaheadlog v0.0.0-20181203153719-20a05df18c23 h1:fcfVwEXRyPCw9us2l3zGtVcBosxOJhfoz2j+dMQlCcw=
github.com/NebulousLabs/writeaheadlog v0.0.0-20181203153719-20a05df18c23/go.mod h1:2gzKt1SWfRIjgNcrQRWmQoF6Rwejj2plsnr2ptYUfiI=
github.com/armon/consul-api v0.0.0-20180202201655-eb2c6b5be1b6/go.mod h1:grANhF5doyWs3UAsr3K4I6qtAmlQcZDesFNEHPZAzj8=
github.com/coreos/bbolt v1.3.3 h1:n6AiVyVRKQFNb6mJlwESEvvLoDyiTzXX7ORAUlkeBdY=
github.com/coreos/bbolt v1.3.3/go.mod h1:iRUV2dpdMOn7Bo10OQBFzIJO9kkE559Wcmn+qkEiiKk=
github.com/coreos/etcd v3.3.10+incompatible/go.mod h1:uF7uidLiAD3TWHmW31ZFd/JWoc32PjwdhPthX9715RE=
github.com/coreos/go-etcd v2.0.0+incompatible/go.mod h1:Jez6KQU2B/sWsbdaef3ED8NzMklzPG4d5KIOhIy30Tk=
github.com/coreos/go-semver v0.2.0/go.mod h1:nnelYz7RCh+5ahJtPPxZlU+153eP4D4r3EedlOD2RNk=
github.com/cpuguy83/go-md2man v1.0.10 h1:BSKMNlYxDvnunlTymqtgONjNnaRV1sTpcovwwjF22jk=
github.com/cpuguy83/go-md2man v1.0.10/go.mod h1:SmD6nW6nTyfqj6ABTjUi3V3JVMnlJmwcJI5acqYI6dE=
github.com/davecgh/go-spew v1.1.1/go.mod h1:J7Y8YcW2NihsgmVo/mv3lAwl/skON4iLHjSsI+c5H38=
github.com/fsnotify/fsnotify v1.4.7/go.mod h1:jwhsz4b93w/PPRr/qN1Yymfu8t87LnFCMoQvtojpjFo=
github.com/hashicorp/hcl v1.0.0/go.mod h1:E5yfLk+7swimpb2L/Alb/PJmXilQ/rhwaUYs4T20WEQ=
github.com/inconshreveable/go-update v0.0.0-20160112193335-8152e7eb6ccf h1:WfD7VjIE6z8dIvMsI4/s+1qr5EL+zoIGev1BQj1eoJ8=
github.com/inconshreveable/go-update v0.0.0-20160112193335-8152e7eb6ccf/go.mod h1:hyb9oH7vZsitZCiBt0ZvifOrB+qc8PS5IiilCIb87rg=
github.com/inconshreveable/mousetrap v1.0.0 h1:Z8tu5sraLXCXIcARxBp/8cbvlwVa7Z1NHg9XEKhtSvM=
github.com/inconshreveable/mousetrap v1.0.0/go.mod h1:PxqpIevigyE2G7u3NXJIT2ANytuPF1OarO4DADm73n8=
github.com/julienschmidt/httprouter v1.2.0 h1:TDTW5Yz1mjftljbcKqRcrYhd4XeOoI98t+9HbQbYf7g=
github.com/julienschmidt/httprouter v1.2.0/go.mod h1:SYymIcj16QtmaHHD7aYtjjsJG7VTCxuUUipMqKk8s4w=
github.com/kardianos/osext v0.0.0-20190222173326-2bc1f35cddc0 h1:iQTw/8FWTuc7uiaSepXwyf3o52HaUYcV+Tu66S3F5GA=
github.com/kardianos/osext v0.0.0-20190222173326-2bc1f35cddc0/go.mod h1:1NbS8ALrpOvjt0rHPNLyCIeMtbizbir8U//inJ+zuB8=
github.com/klauspost/cpuid v1.2.1 h1:vJi+O/nMdFt0vqm8NZBI6wzALWdA2X+egi0ogNyrC/w=
github.com/klauspost/cpuid v1.2.1/go.mod h1:Pj4uuM528wm8OyEC2QMXAi2YiTZ96dNQPGgoMS4s3ek=
github.com/klauspost/reedsolomon v1.9.2 h1:E9CMS2Pqbv+C7tsrYad4YC9MfhnMVWhMRsTi7U0UB18=
github.com/klauspost/reedsolomon v1.9.2/go.mod h1:CwCi+NUr9pqSVktrkN+Ondf06rkhYZ/pcNv7fu+8Un4=
github.com/magiconair/properties v1.8.0/go.mod h1:PppfXfuXeibc/6YijjN8zIbojt8czPbwD3XqdrwzmxQ=
github.com/mitchellh/go-homedir v1.1.0/go.mod h1:SfyaCUpYCn1Vlf4IUYiD9fPX4A5wJrkLzIz1N1q0pr0=
github.com/mitchellh/mapstructure v1.1.2/go.mod h1:FVVH3fgwuzCH5S8UJGiWEs2h04kUh9fWfEaFds41c1Y=
github.com/pelletier/go-toml v1.2.0/go.mod h1:5z9KED0ma1S8pY6P1sdut58dfprrGBbd/94hg7ilaic=
github.com/pkg/errors v0.8.1 h1:iURUrRGxPUNPdy5/HRSm+Yj6okJ6UtLINN0Q9M4+h3I=
github.com/pkg/errors v0.8.1/go.mod h1:bwawxfHBFNV+L2hUp1rHADufV3IMtnDRdf1r5NINEl0=
github.com/pmezard/go-difflib v1.0.0/go.mod h1:iKH77koFhYxTK1pcRnkKkqfTogsbg7gZNVY4sRDYZ/4=
github.com/russross/blackfriday v1.5.2 h1:HyvC0ARfnZBqnXwABFeSZHpKvJHJJfPz81GNueLj0oo=
github.com/russross/blackfriday v1.5.2/go.mod h1:JO/DiYxRf+HjHt06OyowR9PTA263kcR/rfWxYHBV53g=
github.com/spf13/afero v1.1.2/go.mod h1:j4pytiNVoe2o6bmDsKpLACNPDBIoEAkihy7loJ1B0CQ=
github.com/spf13/cast v1.3.0/go.mod h1:Qx5cxh0v+4UWYiBimWS+eyWzqEqokIECu5etghLkUJE=
github.com/spf13/cobra v0.0.5 h1:f0B+LkLX6DtmRH1isoNA9VTtNUK9K8xYd28JNNfOv/s=
github.com/spf13/cobra v0.0.5/go.mod h1:3K3wKZymM7VvHMDS9+Akkh4K60UwM26emMESw8tLCHU=
github.com/spf13/jwalterweatherman v1.0.0/go.mod h1:cQK4TGJAtQXfYWX+Ddv3mKDzgVb68N+wFjFa4jdeBTo=
github.com/spf13/pflag v1.0.3 h1:zPAT6CGy6wXeQ7NtTnaTerfKOsV6V6F8agHXFiazDkg=
github.com/spf13/pflag v1.0.3/go.mod h1:DYY7MBk1bdzusC3SYhjObp+wFpr4gzcvqqNjLnInEg4=
github.com/spf13/viper v1.3.2/go.mod h1:ZiWeW+zYFKm7srdB9IoDzzZXaJaI5eL9QjNiN/DMA2s=
github.com/stretchr/testify v1.2.2/go.mod h1:a8OnRcib4nhh0OaRAV+Yts87kKdq0PP7pXfy6kDkUVs=
github.com/ugorji/go/codec v0.0.0-20181204163529-d75b2dcb6bc8/go.mod h1:VFNgLljTbGfSG7qAOspJ7OScBnGdDN/yBr0sguwnwf0=
github.com/xordataexchange/crypt v0.0.3-0.20170626215501-b2862e3d0a77/go.mod h1:aYKd//L2LvnjZzWKhF00oedf4jCCReLcmhLdhm1A27Q=
github.com/xtaci/smux v1.3.4 h1:7BJNo6A3d8CJXV1cCwwN9lZaGigNB2BbSDKIbtf7bHE=
github.com/xtaci/smux v1.3.4/go.mod h1:f+nYm6SpuHMy/SH0zpbvAFHT1QoMcgLOsWcFip5KfPw=
gitlab.com/NebulousLabs/fastrand v0.0.0-20181126182046-603482d69e40 h1:dizWJqTWjwyD8KGcMOwgrkqu1JIkofYgKkmDeNE7oAs=
gitlab.com/NebulousLabs/fastrand v0.0.0-20181126182046-603482d69e40/go.mod h1:rOnSnoRyxMI3fe/7KIbVcsHRGxe30OONv8dEgo+vCfA=
gitlab.com/NebulousLabs/go-upnp v0.0.0-20181011194642-3a71999ed0d3 h1:qXqiXDgeQxspR3reot1pWme00CX1pXbxesdzND+EjbU=
gitlab.com/NebulousLabs/go-upnp v0.0.0-20181011194642-3a71999ed0d3/go.mod h1:sleOmkovWsDEQVYXmOJhx69qheoMTmCuPYyiCFCihlg=
go.etcd.io/bbolt v1.3.3 h1:MUGmc65QhB3pIlaQ5bB4LwqSj6GIonVJXpZiaKNyaKk=
go.etcd.io/bbolt v1.3.3/go.mod h1:IbVyRI1SCnLcuJnV2u8VeU0CEYM7e686BmAb1XKL+uU=
golang.org/x/crypto v0.0.0-20181203042331-505ab145d0a9/go.mod h1:6SG95UA2DQfeDnfUPMdvaQW0Q7yPrPDi9nlGo2tz2b4=
golang.org/x/crypto v0.0.0-20190308221718-c2843e01d9a2/go.mod h1:djNgcEr1/C05ACkg1iLfiJU5Ep61QUkGW8qpdssI0+w=
golang.org/x/crypto v0.0.0-20190701094942-4def268fd1a4 h1:HuIa8hRrWRSrqYzx1qI49NNxhdi2PrY7gxVSq1JjLDc=
golang.org/x/crypto v0.0.0-20190701094942-4def268fd1a4/go.mod h1:yigFU9vqHzYiE8UmvKecakEJjdnWj3jj499lnFckfCI=
golang.org/x/net v0.0.0-20190404232315-eb5bcb51f2a3 h1:0GoQqolDA55aaLxZyTzK/Y2ePZzZTUrRacwib7cNsYQ=
golang.org/x/net v0.0.0-20190404232315-eb5bcb51f2a3/go.mod h1:t9HGtf8HONx5eT2rtn7q6eTqICYqUVnKs3thJo3Qplg=
golang.org/x/sys v0.0.0-20181205085412-a5c9d58dba9a/go.mod h1:STP8DvDyc/dI5b8T5hshtkjS+E42TnysNCUPdjciGhY=
golang.org/x/sys v0.0.0-20190215142949-d0b11bdaac8a/go.mod h1:STP8DvDyc/dI5b8T5hshtkjS+E42TnysNCUPdjciGhY=
golang.org/x/sys v0.0.0-20190412213103-97732733099d h1:+R4KGOnez64A81RvjARKc4UT5/tI9ujCIVX+P5KiHuI=
golang.org/x/sys v0.0.0-20190412213103-97732733099d/go.mod h1:h1NjWce9XRLGQEsW7wpKNCjG9DtNlClVuFLEZdDNbEs=
golang.org/x/text v0.3.0 h1:g61tztE5qeGQ89tm6NTjjM9VPIm088od1l6aSorWRWg=
golang.org/x/text v0.3.0/go.mod h1:NqM8EUOU14njkJ3fqMW+pc6Ldnwhi/IjpwHt7yyuwOQ=
gopkg.in/check.v1 v0.0.0-20161208181325-20d25e280405 h1:yhCVgyC4o1eVCa2tZl7eS0r+SDo693bJlVdllGtEeKM=
gopkg.in/check.v1 v0.0.0-20161208181325-20d25e280405/go.mod h1:Co6ibVJAznAaIkqp8huTwlJQCZ016jof/cbN4VW5Yz0=
gopkg.in/yaml.v2 v2.2.2 h1:ZCJp+EgiOT7lHqUV2J862kp8Qj64Jo6az82+3Td9dZw=
gopkg.in/yaml.v2 v2.2.2/go.mod h1:hI93XBmqTisBFMUTm0b8Fm+jr3Dg1NNxqwp+5A1VGuI=
